// !$*UTF8*$!
{
	archiveVersion = 1;
	classes = {
	};
	objectVersion = 46;
	objects = {

/* Begin PBXBuildFile section */
		A27187A81AA98DAC0027CC49 /* main.cpp in Sources */ = {isa = PBXBuildFile; fileRef = A27187A71AA98DAC0027CC49 /* main.cpp */; };
		A27187B01AA990EC0027CC49 /* solver.cpp in Sources */ = {isa = PBXBuildFile; fileRef = A27187AF1AA990EC0027CC49 /* solver.cpp */; };
		A27187B31AA9CA660027CC49 /* derivative.cpp in Sources */ = {isa = PBXBuildFile; fileRef = A27187B21AA9CA660027CC49 /* derivative.cpp */; };
		A2C8B97B1AAF0FFD0035B0E6 /* solve.cpp in Sources */ = {isa = PBXBuildFile; fileRef = A2C8B97A1AAF0FFD0035B0E6 /* solve.cpp */; };
		A2C8B97D1AB0156C0035B0E6 /* initialization.cpp in Sources */ = {isa = PBXBuildFile; fileRef = A2C8B97C1AB0156C0035B0E6 /* initialization.cpp */; };
		A2C8B97F1AB015BF0035B0E6 /* printstatus.cpp in Sources */ = {isa = PBXBuildFile; fileRef = A2C8B97E1AB015BF0035B0E6 /* printstatus.cpp */; };
		A2F33DDC1AAD74F80006A46C /* fun.cpp in Sources */ = {isa = PBXBuildFile; fileRef = A2F33DDB1AAD74F80006A46C /* fun.cpp */; };
		A2F33DDE1AAD78950006A46C /* odesolver.cpp in Sources */ = {isa = PBXBuildFile; fileRef = A2F33DDD1AAD78950006A46C /* odesolver.cpp */; };
/* End PBXBuildFile section */

/* Begin PBXCopyFilesBuildPhase section */
		A27187A21AA98DAC0027CC49 /* CopyFiles */ = {
			isa = PBXCopyFilesBuildPhase;
			buildActionMask = 2147483647;
			dstPath = /usr/share/man/man1/;
			dstSubfolderSpec = 0;
			files = (
			);
			runOnlyForDeploymentPostprocessing = 1;
		};
/* End PBXCopyFilesBuildPhase section */

/* Begin PBXFileReference section */
		A27187A41AA98DAC0027CC49 /* spectral_solver */ = {isa = PBXFileReference; explicitFileType = "compiled.mach-o.executable"; includeInIndex = 0; path = spectral_solver; sourceTree = BUILT_PRODUCTS_DIR; };
		A27187A71AA98DAC0027CC49 /* main.cpp */ = {isa = PBXFileReference; lastKnownFileType = sourcecode.cpp.cpp; path = main.cpp; sourceTree = "<group>"; };
		A27187AE1AA98DD10027CC49 /* solver.h */ = {isa = PBXFileReference; lastKnownFileType = sourcecode.c.h; path = solver.h; sourceTree = "<group>"; };
		A27187AF1AA990EC0027CC49 /* solver.cpp */ = {isa = PBXFileReference; fileEncoding = 4; lastKnownFileType = sourcecode.cpp.cpp; path = solver.cpp; sourceTree = "<group>"; };
		A27187B11AA9911B0027CC49 /* parameters.h */ = {isa = PBXFileReference; lastKnownFileType = sourcecode.c.h; path = parameters.h; sourceTree = "<group>"; };
		A27187B21AA9CA660027CC49 /* derivative.cpp */ = {isa = PBXFileReference; fileEncoding = 4; lastKnownFileType = sourcecode.cpp.cpp; path = derivative.cpp; sourceTree = "<group>"; };
		A2C8B97A1AAF0FFD0035B0E6 /* solve.cpp */ = {isa = PBXFileReference; fileEncoding = 4; lastKnownFileType = sourcecode.cpp.cpp; path = solve.cpp; sourceTree = "<group>"; };
		A2C8B97C1AB0156C0035B0E6 /* initialization.cpp */ = {isa = PBXFileReference; fileEncoding = 4; lastKnownFileType = sourcecode.cpp.cpp; path = initialization.cpp; sourceTree = "<group>"; };
		A2C8B97E1AB015BF0035B0E6 /* printstatus.cpp */ = {isa = PBXFileReference; fileEncoding = 4; lastKnownFileType = sourcecode.cpp.cpp; path = printstatus.cpp; sourceTree = "<group>"; };
		A2F33DDB1AAD74F80006A46C /* fun.cpp */ = {isa = PBXFileReference; fileEncoding = 4; lastKnownFileType = sourcecode.cpp.cpp; path = fun.cpp; sourceTree = "<group>"; };
		A2F33DDD1AAD78950006A46C /* odesolver.cpp */ = {isa = PBXFileReference; fileEncoding = 4; lastKnownFileType = sourcecode.cpp.cpp; path = odesolver.cpp; sourceTree = "<group>"; };
/* End PBXFileReference section */

/* Begin PBXFrameworksBuildPhase section */
		A27187A11AA98DAC0027CC49 /* Frameworks */ = {
			isa = PBXFrameworksBuildPhase;
			buildActionMask = 2147483647;
			files = (
			);
			runOnlyForDeploymentPostprocessing = 0;
		};
/* End PBXFrameworksBuildPhase section */

/* Begin PBXGroup section */
		A271879B1AA98DAC0027CC49 = {
			isa = PBXGroup;
			children = (
				A27187A61AA98DAC0027CC49 /* spectral_solver */,
				A27187A51AA98DAC0027CC49 /* Products */,
			);
			sourceTree = "<group>";
		};
		A27187A51AA98DAC0027CC49 /* Products */ = {
			isa = PBXGroup;
			children = (
				A27187A41AA98DAC0027CC49 /* spectral_solver */,
			);
			name = Products;
			sourceTree = "<group>";
		};
		A27187A61AA98DAC0027CC49 /* spectral_solver */ = {
			isa = PBXGroup;
			children = (
				A27187A71AA98DAC0027CC49 /* main.cpp */,
				A27187AE1AA98DD10027CC49 /* solver.h */,
				A27187AF1AA990EC0027CC49 /* solver.cpp */,
				A27187B11AA9911B0027CC49 /* parameters.h */,
				A27187B21AA9CA660027CC49 /* derivative.cpp */,
				A2F33DDB1AAD74F80006A46C /* fun.cpp */,
				A2F33DDD1AAD78950006A46C /* odesolver.cpp */,
				A2C8B97A1AAF0FFD0035B0E6 /* solve.cpp */,
				A2C8B97C1AB0156C0035B0E6 /* initialization.cpp */,
				A2C8B97E1AB015BF0035B0E6 /* printstatus.cpp */,
			);
			path = spectral_solver;
			sourceTree = "<group>";
		};
/* End PBXGroup section */

/* Begin PBXNativeTarget section */
		A27187A31AA98DAC0027CC49 /* spectral_solver */ = {
			isa = PBXNativeTarget;
			buildConfigurationList = A27187AB1AA98DAC0027CC49 /* Build configuration list for PBXNativeTarget "spectral_solver" */;
			buildPhases = (
				A27187A01AA98DAC0027CC49 /* Sources */,
				A27187A11AA98DAC0027CC49 /* Frameworks */,
				A27187A21AA98DAC0027CC49 /* CopyFiles */,
			);
			buildRules = (
			);
			dependencies = (
			);
			name = spectral_solver;
			productName = spectral_solver;
			productReference = A27187A41AA98DAC0027CC49 /* spectral_solver */;
			productType = "com.apple.product-type.tool";
		};
/* End PBXNativeTarget section */

/* Begin PBXProject section */
		A271879C1AA98DAC0027CC49 /* Project object */ = {
			isa = PBXProject;
			attributes = {
				LastUpgradeCheck = 0610;
				ORGANIZATIONNAME = ZYF;
				TargetAttributes = {
					A27187A31AA98DAC0027CC49 = {
						CreatedOnToolsVersion = 6.1.1;
					};
				};
			};
			buildConfigurationList = A271879F1AA98DAC0027CC49 /* Build configuration list for PBXProject "spectral_solver" */;
			compatibilityVersion = "Xcode 3.2";
			developmentRegion = English;
			hasScannedForEncodings = 0;
			knownRegions = (
				en,
			);
			mainGroup = A271879B1AA98DAC0027CC49;
			productRefGroup = A27187A51AA98DAC0027CC49 /* Products */;
			projectDirPath = "";
			projectRoot = "";
			targets = (
				A27187A31AA98DAC0027CC49 /* spectral_solver */,
			);
		};
/* End PBXProject section */

/* Begin PBXSourcesBuildPhase section */
		A27187A01AA98DAC0027CC49 /* Sources */ = {
			isa = PBXSourcesBuildPhase;
			buildActionMask = 2147483647;
			files = (
				A27187B31AA9CA660027CC49 /* derivative.cpp in Sources */,
				A2F33DDC1AAD74F80006A46C /* fun.cpp in Sources */,
				A2C8B97D1AB0156C0035B0E6 /* initialization.cpp in Sources */,
				A2C8B97B1AAF0FFD0035B0E6 /* solve.cpp in Sources */,
				A2F33DDE1AAD78950006A46C /* odesolver.cpp in Sources */,
				A2C8B97F1AB015BF0035B0E6 /* printstatus.cpp in Sources */,
				A27187B01AA990EC0027CC49 /* solver.cpp in Sources */,
				A27187A81AA98DAC0027CC49 /* main.cpp in Sources */,
			);
			runOnlyForDeploymentPostprocessing = 0;
		};
/* End PBXSourcesBuildPhase section */

/* Begin XCBuildConfiguration section */
		A27187A91AA98DAC0027CC49 /* Debug */ = {
			isa = XCBuildConfiguration;
			buildSettings = {
				ALWAYS_SEARCH_USER_PATHS = NO;
				CLANG_CXX_LANGUAGE_STANDARD = "gnu++0x";
				CLANG_CXX_LIBRARY = "libc++";
				CLANG_ENABLE_MODULES = YES;
				CLANG_ENABLE_OBJC_ARC = YES;
				CLANG_WARN_BOOL_CONVERSION = YES;
				CLANG_WARN_CONSTANT_CONVERSION = YES;
				CLANG_WARN_DIRECT_OBJC_ISA_USAGE = YES_ERROR;
				CLANG_WARN_EMPTY_BODY = YES;
				CLANG_WARN_ENUM_CONVERSION = YES;
				CLANG_WARN_INT_CONVERSION = YES;
				CLANG_WARN_OBJC_ROOT_CLASS = YES_ERROR;
				CLANG_WARN_UNREACHABLE_CODE = YES;
				CLANG_WARN__DUPLICATE_METHOD_MATCH = YES;
				COPY_PHASE_STRIP = NO;
				ENABLE_STRICT_OBJC_MSGSEND = YES;
				GCC_C_LANGUAGE_STANDARD = gnu99;
				GCC_DYNAMIC_NO_PIC = NO;
				GCC_OPTIMIZATION_LEVEL = 0;
				GCC_PREPROCESSOR_DEFINITIONS = (
					"DEBUG=1",
					"$(inherited)",
				);
				GCC_SYMBOLS_PRIVATE_EXTERN = NO;
				GCC_WARN_64_TO_32_BIT_CONVERSION = YES;
				GCC_WARN_ABOUT_RETURN_TYPE = YES_ERROR;
				GCC_WARN_UNDECLARED_SELECTOR = YES;
				GCC_WARN_UNINITIALIZED_AUTOS = YES_AGGRESSIVE;
				GCC_WARN_UNUSED_FUNCTION = YES;
				GCC_WARN_UNUSED_VARIABLE = YES;
				MACOSX_DEPLOYMENT_TARGET = 10.10;
				MTL_ENABLE_DEBUG_INFO = YES;
				ONLY_ACTIVE_ARCH = YES;
				SDKROOT = macosx;
			};
			name = Debug;
		};
		A27187AA1AA98DAC0027CC49 /* Release */ = {
			isa = XCBuildConfiguration;
			buildSettings = {
				ALWAYS_SEARCH_USER_PATHS = NO;
				CLANG_CXX_LANGUAGE_STANDARD = "gnu++0x";
				CLANG_CXX_LIBRARY = "libc++";
				CLANG_ENABLE_MODULES = YES;
				CLANG_ENABLE_OBJC_ARC = YES;
				CLANG_WARN_BOOL_CONVERSION = YES;
				CLANG_WARN_CONSTANT_CONVERSION = YES;
				CLANG_WARN_DIRECT_OBJC_ISA_USAGE = YES_ERROR;
				CLANG_WARN_EMPTY_BODY = YES;
				CLANG_WARN_ENUM_CONVERSION = YES;
				CLANG_WARN_INT_CONVERSION = YES;
				CLANG_WARN_OBJC_ROOT_CLASS = YES_ERROR;
				CLANG_WARN_UNREACHABLE_CODE = YES;
				CLANG_WARN__DUPLICATE_METHOD_MATCH = YES;
				COPY_PHASE_STRIP = YES;
				DEBUG_INFORMATION_FORMAT = "dwarf-with-dsym";
				ENABLE_NS_ASSERTIONS = NO;
				ENABLE_STRICT_OBJC_MSGSEND = YES;
				GCC_C_LANGUAGE_STANDARD = gnu99;
				GCC_WARN_64_TO_32_BIT_CONVERSION = YES;
				GCC_WARN_ABOUT_RETURN_TYPE = YES_ERROR;
				GCC_WARN_UNDECLARED_SELECTOR = YES;
				GCC_WARN_UNINITIALIZED_AUTOS = YES_AGGRESSIVE;
				GCC_WARN_UNUSED_FUNCTION = YES;
				GCC_WARN_UNUSED_VARIABLE = YES;
				MACOSX_DEPLOYMENT_TARGET = 10.10;
				MTL_ENABLE_DEBUG_INFO = NO;
				SDKROOT = macosx;
			};
			name = Release;
		};
		A27187AC1AA98DAC0027CC49 /* Debug */ = {
			isa = XCBuildConfiguration;
			buildSettings = {
				GCC_C_LANGUAGE_STANDARD = gnu99;
				HEADER_SEARCH_PATHS = (
					"$(inherited)",
					/Applications/Xcode.app/Contents/Developer/Toolchains/XcodeDefault.xctoolchain/usr/include,
					/usr/local/include/,
				);
				LIBRARY_SEARCH_PATHS = /usr/local/lib/;
				OTHER_LDFLAGS = (
					"-lm",
					"-lgsl",
					"-lgslcblas",
					"-lfftw3",
					"-DHAVE_INLINE",
				);
				PRODUCT_NAME = "$(TARGET_NAME)";
			};
			name = Debug;
		};
		A27187AD1AA98DAC0027CC49 /* Release */ = {
			isa = XCBuildConfiguration;
			buildSettings = {
				GCC_C_LANGUAGE_STANDARD = gnu99;
				GCC_OPTIMIZATION_LEVEL = fast;
				HEADER_SEARCH_PATHS = (
					"$(inherited)",
					/Applications/Xcode.app/Contents/Developer/Toolchains/XcodeDefault.xctoolchain/usr/include,
					/usr/local/include/,
				);
				LIBRARY_SEARCH_PATHS = /usr/local/lib/;
				OTHER_LDFLAGS = (
					"-lm",
					"-lgsl",
					"-lgslcblas",
					"-lfftw3",
					"-DHAVE_INLINE",
				);
				PRODUCT_NAME = "$(TARGET_NAME)";
			};
			name = Release;
		};
/* End XCBuildConfiguration section */

/* Begin XCConfigurationList section */
		A271879F1AA98DAC0027CC49 /* Build configuration list for PBXProject "spectral_solver" */ = {
			isa = XCConfigurationList;
			buildConfigurations = (
				A27187A91AA98DAC0027CC49 /* Debug */,
				A27187AA1AA98DAC0027CC49 /* Release */,
			);
			defaultConfigurationIsVisible = 0;
			defaultConfigurationName = Release;
		};
		A27187AB1AA98DAC0027CC49 /* Build configuration list for PBXNativeTarget "spectral_solver" */ = {
			isa = XCConfigurationList;
			buildConfigurations = (
				A27187AC1AA98DAC0027CC49 /* Debug */,
				A27187AD1AA98DAC0027CC49 /* Release */,
			);
			defaultConfigurationIsVisible = 0;
			defaultConfigurationName = Release;
		};
/* End XCConfigurationList section */
	};
	rootObject = A271879C1AA98DAC0027CC49 /* Project object */;
}
